
Microsoft Visual Studio Solution File, Format Version 12.00
# Visual Studio Version 17
VisualStudioVersion = 17.4.33213.308
MinimumVisualStudioVersion = 10.0.40219.1
Project("{FAE04EC0-301F-11D3-BF4B-00C04F79EFBC}") = "ExersiceDay1", "ExersiceDay1.csproj", "{A3132705-9222-4F3A-937B-5E1F4FEE0556}"
EndProject
Global
	GlobalSection(SolutionConfigurationPlatforms) = preSolution
		Debug|Any CPU = Debug|Any CPU
		Release|Any CPU = Release|Any CPU
	EndGlobalSection
	GlobalSection(ProjectConfigurationPlatforms) = postSolution
		{A3132705-9222-4F3A-937B-5E1F4FEE0556}.Debug|Any CPU.ActiveCfg = Debug|Any CPU
		{A3132705-9222-4F3A-937B-5E1F4FEE0556}.Debug|Any CPU.Build.0 = Debug|Any CPU
		{A3132705-9222-4F3A-937B-5E1F4FEE0556}.Release|Any CPU.ActiveCfg = Release|Any CPU
		{A3132705-9222-4F3A-937B-5E1F4FEE0556}.Release|Any CPU.Build.0 = Release|Any CPU
	EndGlobalSection
	GlobalSection(SolutionProperties) = preSolution
		HideSolutionNode = FALSE
	EndGlobalSection
	GlobalSection(ExtensibilityGlobals) = postSolution
		SolutionGuid = {F25CAC73-20A0-45E6-B389-A625ECA66BFF}
	EndGlobalSection
EndGlobal
